
Microsoft Visual Studio Solution File, Format Version 12.00
# Visual Studio Version 16
VisualStudioVersion = 16.0.29806.167
MinimumVisualStudioVersion = 10.0.40219.1
Project("{9A19103F-16F7-4668-BE54-9A1E7A4F7556}") = "ConsoleApp2", "ConsoleApp2\ConsoleApp2.csproj", "{5DCAE413-7326-48F5-98F5-C3FBDDB7D23C}"
EndProject
Project("{FAE04EC0-301F-11D3-BF4B-00C04F79EFBC}") = "UnitTestProject1", "UnitTestProject1\UnitTestProject1.csproj", "{495E9793-CDAE-418F-B265-5D1CEBD685B7}"
EndProject
Global
	GlobalSection(SolutionConfigurationPlatforms) = preSolution
		Debug|Any CPU = Debug|Any CPU
		Release|Any CPU = Release|Any CPU
	EndGlobalSection
	GlobalSection(ProjectConfigurationPlatforms) = postSolution
		{5DCAE413-7326-48F5-98F5-C3FBDDB7D23C}.Debug|Any CPU.ActiveCfg = Debug|Any CPU
		{5DCAE413-7326-48F5-98F5-C3FBDDB7D23C}.Debug|Any CPU.Build.0 = Debug|Any CPU
		{5DCAE413-7326-48F5-98F5-C3FBDDB7D23C}.Release|Any CPU.ActiveCfg = Release|Any CPU
		{5DCAE413-7326-48F5-98F5-C3FBDDB7D23C}.Release|Any CPU.Build.0 = Release|Any CPU
		{495E9793-CDAE-418F-B265-5D1CEBD685B7}.Debug|Any CPU.ActiveCfg = Debug|Any CPU
		{495E9793-CDAE-418F-B265-5D1CEBD685B7}.Debug|Any CPU.Build.0 = Debug|Any CPU
		{495E9793-CDAE-418F-B265-5D1CEBD685B7}.Release|Any CPU.ActiveCfg = Release|Any CPU
		{495E9793-CDAE-418F-B265-5D1CEBD685B7}.Release|Any CPU.Build.0 = Release|Any CPU
	EndGlobalSection
	GlobalSection(SolutionProperties) = preSolution
		HideSolutionNode = FALSE
	EndGlobalSection
	GlobalSection(ExtensibilityGlobals) = postSolution
		SolutionGuid = {205E8A7A-0F5B-422D-98CD-B89900C03C47}
	EndGlobalSection
EndGlobal
